
Microsoft Visual Studio Solution File, Format Version 12.00
# Visual Studio Version 16
VisualStudioVersion = 16.0.30621.155
MinimumVisualStudioVersion = 10.0.40219.1
Project("{2150E333-8FDC-42A3-9474-1A3956D46DE8}") = "02. Sample", "02. Sample", "{ABF2922F-1109-4325-89EA-85D9A3B085F4}"
EndProject
Project("{FAE04EC0-301F-11D3-BF4B-00C04F79EFBC}") = "NcoreExam.DataContextTest.Demo", "NcoreExam.DataContextTest.Demo\NcoreExam.DataContextTest.Demo.csproj", "{CE84031D-F21E-4AF2-8080-5D6EB88B2CEE}"
EndProject
Project("{FAE04EC0-301F-11D3-BF4B-00C04F79EFBC}") = "NcoreExam.DataContextTest", "NcoreExam.DataContextTest\NcoreExam.DataContextTest.csproj", "{6AD9648C-AA4E-4BC0-8ABB-C40C04284146}"
EndProject
Project("{2150E333-8FDC-42A3-9474-1A3956D46DE8}") = "04. Application", "04. Application", "{46C61EE8-12FA-40F9-8C51-97FA3BBCE641}"
EndProject
Project("{FAE04EC0-301F-11D3-BF4B-00C04F79EFBC}") = "NcoreExam.Resources", "NcoreExam.Resources\NcoreExam.Resources.csproj", "{6DA68A41-DD14-4A4C-AF59-1C7C2D781248}"
EndProject
Project("{2150E333-8FDC-42A3-9474-1A3956D46DE8}") = "01. Design", "01. Design", "{E00C4005-4F94-4C8D-9BEE-45765A09FE8E}"
EndProject
Project("{2150E333-8FDC-42A3-9474-1A3956D46DE8}") = "00. Common", "00. Common", "{2544A27C-07EC-45D9-B171-9406332E01AF}"
EndProject
Project("{FAE04EC0-301F-11D3-BF4B-00C04F79EFBC}") = "NcoreExam.Common", "NcoreExam.Common\NcoreExam.Common.csproj", "{6372A507-5AE3-47D9-847C-385298737771}"
EndProject
Global
	GlobalSection(SolutionConfigurationPlatforms) = preSolution
		Debug|Any CPU = Debug|Any CPU
		Release|Any CPU = Release|Any CPU
	EndGlobalSection
	GlobalSection(ProjectConfigurationPlatforms) = postSolution
		{CE84031D-F21E-4AF2-8080-5D6EB88B2CEE}.Debug|Any CPU.ActiveCfg = Debug|Any CPU
		{CE84031D-F21E-4AF2-8080-5D6EB88B2CEE}.Debug|Any CPU.Build.0 = Debug|Any CPU
		{CE84031D-F21E-4AF2-8080-5D6EB88B2CEE}.Release|Any CPU.ActiveCfg = Release|Any CPU
		{CE84031D-F21E-4AF2-8080-5D6EB88B2CEE}.Release|Any CPU.Build.0 = Release|Any CPU
		{6AD9648C-AA4E-4BC0-8ABB-C40C04284146}.Debug|Any CPU.ActiveCfg = Debug|Any CPU
		{6AD9648C-AA4E-4BC0-8ABB-C40C04284146}.Debug|Any CPU.Build.0 = Debug|Any CPU
		{6AD9648C-AA4E-4BC0-8ABB-C40C04284146}.Release|Any CPU.ActiveCfg = Release|Any CPU
		{6AD9648C-AA4E-4BC0-8ABB-C40C04284146}.Release|Any CPU.Build.0 = Release|Any CPU
		{6DA68A41-DD14-4A4C-AF59-1C7C2D781248}.Debug|Any CPU.ActiveCfg = Debug|Any CPU
		{6DA68A41-DD14-4A4C-AF59-1C7C2D781248}.Debug|Any CPU.Build.0 = Debug|Any CPU
		{6DA68A41-DD14-4A4C-AF59-1C7C2D781248}.Release|Any CPU.ActiveCfg = Release|Any CPU
		{6DA68A41-DD14-4A4C-AF59-1C7C2D781248}.Release|Any CPU.Build.0 = Release|Any CPU
		{6372A507-5AE3-47D9-847C-385298737771}.Debug|Any CPU.ActiveCfg = Debug|Any CPU
		{6372A507-5AE3-47D9-847C-385298737771}.Debug|Any CPU.Build.0 = Debug|Any CPU
		{6372A507-5AE3-47D9-847C-385298737771}.Release|Any CPU.ActiveCfg = Release|Any CPU
		{6372A507-5AE3-47D9-847C-385298737771}.Release|Any CPU.Build.0 = Release|Any CPU
	EndGlobalSection
	GlobalSection(SolutionProperties) = preSolution
		HideSolutionNode = FALSE
	EndGlobalSection
	GlobalSection(NestedProjects) = preSolution
		{CE84031D-F21E-4AF2-8080-5D6EB88B2CEE} = {46C61EE8-12FA-40F9-8C51-97FA3BBCE641}
		{6AD9648C-AA4E-4BC0-8ABB-C40C04284146} = {ABF2922F-1109-4325-89EA-85D9A3B085F4}
		{6DA68A41-DD14-4A4C-AF59-1C7C2D781248} = {E00C4005-4F94-4C8D-9BEE-45765A09FE8E}
		{6372A507-5AE3-47D9-847C-385298737771} = {2544A27C-07EC-45D9-B171-9406332E01AF}
	EndGlobalSection
	GlobalSection(ExtensibilityGlobals) = postSolution
		SolutionGuid = {30F8032F-F847-46F7-B29D-756019F3D023}
	EndGlobalSection
EndGlobal
